<?xml version="1.0" encoding="utf-8"?>
<Project ToolsVersion="4.0" xmlns="http://schemas.microsoft.com/developer/msbuild/2003">
  <ItemGroup>
    <Filter Include="Source Files">
      <UniqueIdentifier>{4FC737F1-C7A5-4376-A066-2A32D752A2FF}</UniqueIdentifier>
      <Extensions>cpp;c;cc;cxx;def;odl;idl;hpj;bat;asm;asmx</Extensions>
    </Filter>
    <Filter Include="Header Files">
      <UniqueIdentifier>{93995380-89BD-4b04-88EB-625FBE52EBFB}</UniqueIdentifier>
      <Extensions>h;hpp;hxx;hm;inl;inc;xsd</Extensions>
    </Filter>
  </ItemGroup>
  <ItemGroup>
    <ClCompile Include="Base64.cpp">
      <Filter>Source Files</Filter>
    </ClCompile>
    <ClCompile Include="BigInt.cpp">
      <Filter>Source Files</Filter>
    </ClCompile>
    <ClCompile Include="BigInt_PrimeBaseTest.cpp">
      <Filter>Source Files</Filter>
    </ClCompile>
    <ClCompile Include="ByteStream.cpp">
      <Filter>Source Files</Filter>
    </ClCompile>
    <ClCompile Include="ByteStream2.cpp">
      <Filter>Source Files</Filter>
    </ClCompile>
    <ClCompile Include="cexarray.cpp">
      <Filter>Source Files</Filter>
    </ClCompile>
    <ClCompile Include="cexcrypt.cpp">
      <Filter>Source Files</Filter>
    </ClCompile>
    <ClCompile Include="cexcrypt2.cpp">
      <Filter>Source Files</Filter>
    </ClCompile>
    <ClCompile Include="CryptProtocol.cpp">
      <Filter>Source Files</Filter>
    </ClCompile>
    <ClCompile Include="DataQueue.cpp">
      <Filter>Source Files</Filter>
    </ClCompile>
    <ClCompile Include="DeflateStream.cpp">
      <Filter>Source Files</Filter>
    </ClCompile>
    <ClCompile Include="extools.cpp">
      <Filter>Source Files</Filter>
    </ClCompile>
    <ClCompile Include="GZipCaps.cpp">
      <Filter>Source Files</Filter>
    </ClCompile>
    <ClCompile Include="HashTools.cpp">
      <Filter>Source Files</Filter>
    </ClCompile>
    <ClCompile Include="HttpClient.cpp">
      <Filter>Source Files</Filter>
    </ClCompile>
    <ClCompile Include="HttpResponse.cpp">
      <Filter>Source Files</Filter>
    </ClCompile>
    <ClCompile Include="HTTPSocket.cpp">
      <Filter>Source Files</Filter>
    </ClCompile>
    <ClCompile Include="HTTPSocketIPV6.cpp">
      <Filter>Source Files</Filter>
    </ClCompile>
    <ClCompile Include="HttpSyncResponse.cpp">
      <Filter>Source Files</Filter>
    </ClCompile>
    <ClCompile Include="MapedFile.cpp">
      <Filter>Source Files</Filter>
    </ClCompile>
    <ClCompile Include="Random32.cpp">
      <Filter>Source Files</Filter>
    </ClCompile>
    <ClCompile Include="RIJNDAEL.cpp">
      <Filter>Source Files</Filter>
    </ClCompile>
    <ClCompile Include="SystemServiceTool.cpp">
      <Filter>Source Files</Filter>
    </ClCompile>
    <ClCompile Include="UnZipStreams.cpp">
      <Filter>Source Files</Filter>
    </ClCompile>
    <ClCompile Include="WTLEXT.cpp">
      <Filter>Source Files</Filter>
    </ClCompile>
    <ClCompile Include="SocketFrm.cpp">
      <Filter>Source Files</Filter>
    </ClCompile>
    <ClCompile Include="IOCP.cpp">
      <Filter>Source Files</Filter>
    </ClCompile>
    <ClCompile Include="HttpServerRequest.cpp">
      <Filter>Source Files</Filter>
    </ClCompile>
    <ClCompile Include="HttpServerResponse.cpp">
      <Filter>Source Files</Filter>
    </ClCompile>
    <ClCompile Include="HttpServerSocket.cpp">
      <Filter>Source Files</Filter>
    </ClCompile>
    <ClCompile Include="LZW.cpp">
      <Filter>Source Files</Filter>
    </ClCompile>
    <ClCompile Include="JsonValue.cpp">
      <Filter>Source Files</Filter>
    </ClCompile>
    <ClCompile Include="JsonReader.cpp">
      <Filter>Source Files</Filter>
    </ClCompile>
    <ClCompile Include="SyncSocketHttp.cpp">
      <Filter>Source Files</Filter>
    </ClCompile>
    <ClCompile Include="Expression.cpp">
      <Filter>Source Files</Filter>
    </ClCompile>
    <ClCompile Include="pugixml.cpp">
      <Filter>Source Files</Filter>
    </ClCompile>
    <ClCompile Include="sqlite3.c">
      <Filter>Source Files</Filter>
    </ClCompile>
  </ItemGroup>
  <ItemGroup>
    <ClInclude Include="Base64.h">
      <Filter>Header Files</Filter>
    </ClInclude>
    <ClInclude Include="BigInt.h">
      <Filter>Header Files</Filter>
    </ClInclude>
    <ClInclude Include="ByteStream.h">
      <Filter>Header Files</Filter>
    </ClInclude>
    <ClInclude Include="ByteStream2.h">
      <Filter>Header Files</Filter>
    </ClInclude>
    <ClInclude Include="cexarray.h">
      <Filter>Header Files</Filter>
    </ClInclude>
    <ClInclude Include="cexcrypt.h">
      <Filter>Header Files</Filter>
    </ClInclude>
    <ClInclude Include="CryptProtocol.h">
      <Filter>Header Files</Filter>
    </ClInclude>
    <ClInclude Include="DataQueue.h">
      <Filter>Header Files</Filter>
    </ClInclude>
    <ClInclude Include="DeflateStream.h">
      <Filter>Header Files</Filter>
    </ClInclude>
    <ClInclude Include="extools.h">
      <Filter>Header Files</Filter>
    </ClInclude>
    <ClInclude Include="GZipCaps.h">
      <Filter>Header Files</Filter>
    </ClInclude>
    <ClInclude Include="HashTools.h">
      <Filter>Header Files</Filter>
    </ClInclude>
    <ClInclude Include="HttpClient.h">
      <Filter>Header Files</Filter>
    </ClInclude>
    <ClInclude Include="MapedFile.h">
      <Filter>Header Files</Filter>
    </ClInclude>
    <ClInclude Include="Random32.h">
      <Filter>Header Files</Filter>
    </ClInclude>
    <ClInclude Include="RIJNDAEL.H">
      <Filter>Header Files</Filter>
    </ClInclude>
    <ClInclude Include="SystemServiceTool.h">
      <Filter>Header Files</Filter>
    </ClInclude>
    <ClInclude Include="UnZipStreams.h">
      <Filter>Header Files</Filter>
    </ClInclude>
    <ClInclude Include="WTLEXT.h">
      <Filter>Header Files</Filter>
    </ClInclude>
    <ClInclude Include="SocketFrm.h">
      <Filter>Header Files</Filter>
    </ClInclude>
    <ClInclude Include="IOCP.h">
      <Filter>Header Files</Filter>
    </ClInclude>
    <ClInclude Include="HttpServerSocket.h">
      <Filter>Header Files</Filter>
    </ClInclude>
    <ClInclude Include="HttpServerRequest.h">
      <Filter>Header Files</Filter>
    </ClInclude>
    <ClInclude Include="HttpServerResponse.h">
      <Filter>Header Files</Filter>
    </ClInclude>
    <ClInclude Include="CSqlite.h">
      <Filter>Header Files</Filter>
    </ClInclude>
    <ClInclude Include="dbcpp.h">
      <Filter>Header Files</Filter>
    </ClInclude>
    <ClInclude Include="LZW.h">
      <Filter>Header Files</Filter>
    </ClInclude>
    <ClInclude Include="OutputInterface.h">
      <Filter>Header Files</Filter>
    </ClInclude>
    <ClInclude Include="JsonLib.h">
      <Filter>Header Files</Filter>
    </ClInclude>
    <ClInclude Include="gzipcap2.h">
      <Filter>Header Files</Filter>
    </ClInclude>
    <ClInclude Include="SyncSocketHttp.h">
      <Filter>Header Files</Filter>
    </ClInclude>
    <ClInclude Include="GdiplusDebug.h">
      <Filter>Header Files</Filter>
    </ClInclude>
    <ClInclude Include="Expression.h">
      <Filter>Header Files</Filter>
    </ClInclude>
    <ClInclude Include="DIBBitmap.h">
      <Filter>Header Files</Filter>
    </ClInclude>
    <ClInclude Include="pugiconfig.hpp">
      <Filter>Header Files</Filter>
    </ClInclude>
    <ClInclude Include="pugixml.hpp">
      <Filter>Header Files</Filter>
    </ClInclude>
    <ClInclude Include="sqlite3.h">
      <Filter>Header Files</Filter>
    </ClInclude>
    <ClInclude Include="sqlite3ext.h">
      <Filter>Header Files</Filter>
    </ClInclude>
  </ItemGroup>
</Project>